// !$*UTF8*$!
{
	archiveVersion = 1;
	classes = {
	};
	objectVersion = 51;
	objects = {

/* Begin PBXBuildFile section */
		1F4E984B040ED8E78D5ABF70 /* Pods_Flixster_FlixsterUITests.framework in Frameworks */ = {isa = PBXBuildFile; fileRef = E4949DC533E593694E4B5E30 /* Pods_Flixster_FlixsterUITests.framework */; };
		3F69D1F29C10AFF9D0ECF1F6 /* Pods_Flixster.framework in Frameworks */ = {isa = PBXBuildFile; fileRef = FD9DA935C923D904761DCFEA /* Pods_Flixster.framework */; };
		AC2910F9CDB2192A80A5AE80 /* Pods_FlixsterTests.framework in Frameworks */ = {isa = PBXBuildFile; fileRef = 410ACE2F11D1F73CE102859E /* Pods_FlixsterTests.framework */; };
		FEBA9988261C0DFE00C48974 /* AppDelegate.swift in Sources */ = {isa = PBXBuildFile; fileRef = FEBA9987261C0DFE00C48974 /* AppDelegate.swift */; };
		FEBA998A261C0DFE00C48974 /* SceneDelegate.swift in Sources */ = {isa = PBXBuildFile; fileRef = FEBA9989261C0DFE00C48974 /* SceneDelegate.swift */; };
		FEBA998F261C0DFE00C48974 /* Main.storyboard in Resources */ = {isa = PBXBuildFile; fileRef = FEBA998D261C0DFE00C48974 /* Main.storyboard */; };
		FEBA9991261C0DFE00C48974 /* Assets.xcassets in Resources */ = {isa = PBXBuildFile; fileRef = FEBA9990261C0DFE00C48974 /* Assets.xcassets */; };
		FEBA9994261C0DFF00C48974 /* LaunchScreen.storyboard in Resources */ = {isa = PBXBuildFile; fileRef = FEBA9992261C0DFF00C48974 /* LaunchScreen.storyboard */; };
		FEBA999F261C0DFF00C48974 /* FlixsterTests.swift in Sources */ = {isa = PBXBuildFile; fileRef = FEBA999E261C0DFF00C48974 /* FlixsterTests.swift */; };
		FEBA99AA261C0DFF00C48974 /* FlixsterUITests.swift in Sources */ = {isa = PBXBuildFile; fileRef = FEBA99A9261C0DFF00C48974 /* FlixsterUITests.swift */; };
		FEBA99BE261C10EB00C48974 /* MoviesViewController.swift in Sources */ = {isa = PBXBuildFile; fileRef = FEBA99BD261C10EB00C48974 /* MoviesViewController.swift */; };
		FEBA99C3261C21B500C48974 /* MovieCell.swift in Sources */ = {isa = PBXBuildFile; fileRef = FEBA99C2261C21B500C48974 /* MovieCell.swift */; };
		FED3B99B2625032A00EAE5B7 /* MovieDetailsViewController.swift in Sources */ = {isa = PBXBuildFile; fileRef = FED3B99A2625032A00EAE5B7 /* MovieDetailsViewController.swift */; };
		FED3B9A02625149300EAE5B7 /* MovieGridViewController.swift in Sources */ = {isa = PBXBuildFile; fileRef = FED3B99F2625149300EAE5B7 /* MovieGridViewController.swift */; };
		FED3B9A526251A5000EAE5B7 /* MovieGridCell.swift in Sources */ = {isa = PBXBuildFile; fileRef = FED3B9A426251A5000EAE5B7 /* MovieGridCell.swift */; };
/* End PBXBuildFile section */

/* Begin PBXContainerItemProxy section */
		FEBA999B261C0DFF00C48974 /* PBXContainerItemProxy */ = {
			isa = PBXContainerItemProxy;
			containerPortal = FEBA997C261C0DFE00C48974 /* Project object */;
			proxyType = 1;
			remoteGlobalIDString = FEBA9983261C0DFE00C48974;
			remoteInfo = Flixster;
		};
		FEBA99A6261C0DFF00C48974 /* PBXContainerItemProxy */ = {
			isa = PBXContainerItemProxy;
			containerPortal = FEBA997C261C0DFE00C48974 /* Project object */;
			proxyType = 1;
			remoteGlobalIDString = FEBA9983261C0DFE00C48974;
			remoteInfo = Flixster;
		};
/* End PBXContainerItemProxy section */

/* Begin PBXFileReference section */
		3B4470BA0AE5823451156F53 /* Pods-FlixsterTests.debug.xcconfig */ = {isa = PBXFileReference; includeInIndex = 1; lastKnownFileType = text.xcconfig; name = "Pods-FlixsterTests.debug.xcconfig"; path = "Target Support Files/Pods-FlixsterTests/Pods-FlixsterTests.debug.xcconfig"; sourceTree = "<group>"; };
		3DECF0C46A913B200E626C00 /* Pods-FlixsterTests.release.xcconfig */ = {isa = PBXFileReference; includeInIndex = 1; lastKnownFileType = text.xcconfig; name = "Pods-FlixsterTests.release.xcconfig"; path = "Target Support Files/Pods-FlixsterTests/Pods-FlixsterTests.release.xcconfig"; sourceTree = "<group>"; };
		410ACE2F11D1F73CE102859E /* Pods_FlixsterTests.framework */ = {isa = PBXFileReference; explicitFileType = wrapper.framework; includeInIndex = 0; path = Pods_FlixsterTests.framework; sourceTree = BUILT_PRODUCTS_DIR; };
		848E34EA68CDDE8F0C51468C /* Pods-Flixster-FlixsterUITests.debug.xcconfig */ = {isa = PBXFileReference; includeInIndex = 1; lastKnownFileType = text.xcconfig; name = "Pods-Flixster-FlixsterUITests.debug.xcconfig"; path = "Target Support Files/Pods-Flixster-FlixsterUITests/Pods-Flixster-FlixsterUITests.debug.xcconfig"; sourceTree = "<group>"; };
		B2A93FBB01C48AB08AE06903 /* Pods-Flixster.release.xcconfig */ = {isa = PBXFileReference; includeInIndex = 1; lastKnownFileType = text.xcconfig; name = "Pods-Flixster.release.xcconfig"; path = "Target Support Files/Pods-Flixster/Pods-Flixster.release.xcconfig"; sourceTree = "<group>"; };
		B5B048F1D1A7FED520B9EFD5 /* Pods-Flixster-FlixsterUITests.release.xcconfig */ = {isa = PBXFileReference; includeInIndex = 1; lastKnownFileType = text.xcconfig; name = "Pods-Flixster-FlixsterUITests.release.xcconfig"; path = "Target Support Files/Pods-Flixster-FlixsterUITests/Pods-Flixster-FlixsterUITests.release.xcconfig"; sourceTree = "<group>"; };
		C14EAAD687B03DF6ED7D3346 /* Pods-Flixster.debug.xcconfig */ = {isa = PBXFileReference; includeInIndex = 1; lastKnownFileType = text.xcconfig; name = "Pods-Flixster.debug.xcconfig"; path = "Target Support Files/Pods-Flixster/Pods-Flixster.debug.xcconfig"; sourceTree = "<group>"; };
		E4949DC533E593694E4B5E30 /* Pods_Flixster_FlixsterUITests.framework */ = {isa = PBXFileReference; explicitFileType = wrapper.framework; includeInIndex = 0; path = Pods_Flixster_FlixsterUITests.framework; sourceTree = BUILT_PRODUCTS_DIR; };
		FD9DA935C923D904761DCFEA /* Pods_Flixster.framework */ = {isa = PBXFileReference; explicitFileType = wrapper.framework; includeInIndex = 0; path = Pods_Flixster.framework; sourceTree = BUILT_PRODUCTS_DIR; };
		FEBA9984261C0DFE00C48974 /* Flixster.app */ = {isa = PBXFileReference; explicitFileType = wrapper.application; includeInIndex = 0; path = Flixster.app; sourceTree = BUILT_PRODUCTS_DIR; };
		FEBA9987261C0DFE00C48974 /* AppDelegate.swift */ = {isa = PBXFileReference; lastKnownFileType = sourcecode.swift; path = AppDelegate.swift; sourceTree = "<group>"; };
		FEBA9989261C0DFE00C48974 /* SceneDelegate.swift */ = {isa = PBXFileReference; lastKnownFileType = sourcecode.swift; path = SceneDelegate.swift; sourceTree = "<group>"; };
		FEBA998E261C0DFE00C48974 /* Base */ = {isa = PBXFileReference; lastKnownFileType = file.storyboard; name = Base; path = Base.lproj/Main.storyboard; sourceTree = "<group>"; };
		FEBA9990261C0DFE00C48974 /* Assets.xcassets */ = {isa = PBXFileReference; lastKnownFileType = folder.assetcatalog; path = Assets.xcassets; sourceTree = "<group>"; };
		FEBA9993261C0DFF00C48974 /* Base */ = {isa = PBXFileReference; lastKnownFileType = file.storyboard; name = Base; path = Base.lproj/LaunchScreen.storyboard; sourceTree = "<group>"; };
		FEBA9995261C0DFF00C48974 /* Info.plist */ = {isa = PBXFileReference; lastKnownFileType = text.plist.xml; path = Info.plist; sourceTree = "<group>"; };
		FEBA999A261C0DFF00C48974 /* FlixsterTests.xctest */ = {isa = PBXFileReference; explicitFileType = wrapper.cfbundle; includeInIndex = 0; path = FlixsterTests.xctest; sourceTree = BUILT_PRODUCTS_DIR; };
		FEBA999E261C0DFF00C48974 /* FlixsterTests.swift */ = {isa = PBXFileReference; lastKnownFileType = sourcecode.swift; path = FlixsterTests.swift; sourceTree = "<group>"; };
		FEBA99A0261C0DFF00C48974 /* Info.plist */ = {isa = PBXFileReference; lastKnownFileType = text.plist.xml; path = Info.plist; sourceTree = "<group>"; };
		FEBA99A5261C0DFF00C48974 /* FlixsterUITests.xctest */ = {isa = PBXFileReference; explicitFileType = wrapper.cfbundle; includeInIndex = 0; path = FlixsterUITests.xctest; sourceTree = BUILT_PRODUCTS_DIR; };
		FEBA99A9261C0DFF00C48974 /* FlixsterUITests.swift */ = {isa = PBXFileReference; lastKnownFileType = sourcecode.swift; path = FlixsterUITests.swift; sourceTree = "<group>"; };
		FEBA99AB261C0DFF00C48974 /* Info.plist */ = {isa = PBXFileReference; lastKnownFileType = text.plist.xml; path = Info.plist; sourceTree = "<group>"; };
		FEBA99BD261C10EB00C48974 /* MoviesViewController.swift */ = {isa = PBXFileReference; lastKnownFileType = sourcecode.swift; path = MoviesViewController.swift; sourceTree = "<group>"; };
		FEBA99C2261C21B500C48974 /* MovieCell.swift */ = {isa = PBXFileReference; lastKnownFileType = sourcecode.swift; path = MovieCell.swift; sourceTree = "<group>"; };
		FED3B99A2625032A00EAE5B7 /* MovieDetailsViewController.swift */ = {isa = PBXFileReference; lastKnownFileType = sourcecode.swift; path = MovieDetailsViewController.swift; sourceTree = "<group>"; };
		FED3B99F2625149300EAE5B7 /* MovieGridViewController.swift */ = {isa = PBXFileReference; lastKnownFileType = sourcecode.swift; path = MovieGridViewController.swift; sourceTree = "<group>"; };
		FED3B9A426251A5000EAE5B7 /* MovieGridCell.swift */ = {isa = PBXFileReference; lastKnownFileType = sourcecode.swift; path = MovieGridCell.swift; sourceTree = "<group>"; };
/* End PBXFileReference section */

/* Begin PBXFrameworksBuildPhase section */
		FEBA9981261C0DFE00C48974 /* Frameworks */ = {
			isa = PBXFrameworksBuildPhase;
			buildActionMask = 2147483647;
			files = (
				3F69D1F29C10AFF9D0ECF1F6 /* Pods_Flixster.framework in Frameworks */,
			);
			runOnlyForDeploymentPostprocessing = 0;
		};
		FEBA9997261C0DFF00C48974 /* Frameworks */ = {
			isa = PBXFrameworksBuildPhase;
			buildActionMask = 2147483647;
			files = (
				AC2910F9CDB2192A80A5AE80 /* Pods_FlixsterTests.framework in Frameworks */,
			);
			runOnlyForDeploymentPostprocessing = 0;
		};
		FEBA99A2261C0DFF00C48974 /* Frameworks */ = {
			isa = PBXFrameworksBuildPhase;
			buildActionMask = 2147483647;
			files = (
				1F4E984B040ED8E78D5ABF70 /* Pods_Flixster_FlixsterUITests.framework in Frameworks */,
			);
			runOnlyForDeploymentPostprocessing = 0;
		};
/* End PBXFrameworksBuildPhase section */

/* Begin PBXGroup section */
		34ABE0F44B5C9A8A467EC792 /* Frameworks */ = {
			isa = PBXGroup;
			children = (
				FD9DA935C923D904761DCFEA /* Pods_Flixster.framework */,
				E4949DC533E593694E4B5E30 /* Pods_Flixster_FlixsterUITests.framework */,
				410ACE2F11D1F73CE102859E /* Pods_FlixsterTests.framework */,
			);
			name = Frameworks;
			sourceTree = "<group>";
		};
		8B2C2EBA4261446F609B8C30 /* Pods */ = {
			isa = PBXGroup;
			children = (
				C14EAAD687B03DF6ED7D3346 /* Pods-Flixster.debug.xcconfig */,
				B2A93FBB01C48AB08AE06903 /* Pods-Flixster.release.xcconfig */,
				848E34EA68CDDE8F0C51468C /* Pods-Flixster-FlixsterUITests.debug.xcconfig */,
				B5B048F1D1A7FED520B9EFD5 /* Pods-Flixster-FlixsterUITests.release.xcconfig */,
				3B4470BA0AE5823451156F53 /* Pods-FlixsterTests.debug.xcconfig */,
				3DECF0C46A913B200E626C00 /* Pods-FlixsterTests.release.xcconfig */,
			);
			path = Pods;
			sourceTree = "<group>";
		};
		FEBA997B261C0DFE00C48974 = {
			isa = PBXGroup;
			children = (
				FEBA9986261C0DFE00C48974 /* Flixster */,
				FEBA999D261C0DFF00C48974 /* FlixsterTests */,
				FEBA99A8261C0DFF00C48974 /* FlixsterUITests */,
				FEBA9985261C0DFE00C48974 /* Products */,
				8B2C2EBA4261446F609B8C30 /* Pods */,
				34ABE0F44B5C9A8A467EC792 /* Frameworks */,
			);
			sourceTree = "<group>";
		};
		FEBA9985261C0DFE00C48974 /* Products */ = {
			isa = PBXGroup;
			children = (
				FEBA9984261C0DFE00C48974 /* Flixster.app */,
				FEBA999A261C0DFF00C48974 /* FlixsterTests.xctest */,
				FEBA99A5261C0DFF00C48974 /* FlixsterUITests.xctest */,
			);
			name = Products;
			sourceTree = "<group>";
		};
		FEBA9986261C0DFE00C48974 /* Flixster */ = {
			isa = PBXGroup;
			children = (
				FEBA9987261C0DFE00C48974 /* AppDelegate.swift */,
				FEBA9989261C0DFE00C48974 /* SceneDelegate.swift */,
				FEBA998D261C0DFE00C48974 /* Main.storyboard */,
				FEBA99C2261C21B500C48974 /* MovieCell.swift */,
				FEBA9990261C0DFE00C48974 /* Assets.xcassets */,
				FEBA9992261C0DFF00C48974 /* LaunchScreen.storyboard */,
				FEBA9995261C0DFF00C48974 /* Info.plist */,
				FEBA99BD261C10EB00C48974 /* MoviesViewController.swift */,
				FED3B99A2625032A00EAE5B7 /* MovieDetailsViewController.swift */,
				FED3B99F2625149300EAE5B7 /* MovieGridViewController.swift */,
				FED3B9A426251A5000EAE5B7 /* MovieGridCell.swift */,
			);
			path = Flixster;
			sourceTree = "<group>";
		};
		FEBA999D261C0DFF00C48974 /* FlixsterTests */ = {
			isa = PBXGroup;
			children = (
				FEBA999E261C0DFF00C48974 /* FlixsterTests.swift */,
				FEBA99A0261C0DFF00C48974 /* Info.plist */,
			);
			path = FlixsterTests;
			sourceTree = "<group>";
		};
		FEBA99A8261C0DFF00C48974 /* FlixsterUITests */ = {
			isa = PBXGroup;
			children = (
				FEBA99A9261C0DFF00C48974 /* FlixsterUITests.swift */,
				FEBA99AB261C0DFF00C48974 /* Info.plist */,
			);
			path = FlixsterUITests;
			sourceTree = "<group>";
		};
/* End PBXGroup section */

/* Begin PBXNativeTarget section */
		FEBA9983261C0DFE00C48974 /* Flixster */ = {
			isa = PBXNativeTarget;
			buildConfigurationList = FEBA99AE261C0DFF00C48974 /* Build configuration list for PBXNativeTarget "Flixster" */;
			buildPhases = (
				398BABDFC807602499819E94 /* [CP] Check Pods Manifest.lock */,
				FEBA9980261C0DFE00C48974 /* Sources */,
				FEBA9981261C0DFE00C48974 /* Frameworks */,
				FEBA9982261C0DFE00C48974 /* Resources */,
				8A908A24A474DE9DFC16220F /* [CP] Embed Pods Frameworks */,
			);
			buildRules = (
			);
			dependencies = (
			);
			name = Flixster;
			productName = Flixster;
			productReference = FEBA9984261C0DFE00C48974 /* Flixster.app */;
			productType = "com.apple.product-type.application";
		};
		FEBA9999261C0DFF00C48974 /* FlixsterTests */ = {
			isa = PBXNativeTarget;
			buildConfigurationList = FEBA99B1261C0DFF00C48974 /* Build configuration list for PBXNativeTarget "FlixsterTests" */;
			buildPhases = (
				B3056EEB4A917A11D5B72D68 /* [CP] Check Pods Manifest.lock */,
				FEBA9996261C0DFF00C48974 /* Sources */,
				FEBA9997261C0DFF00C48974 /* Frameworks */,
				FEBA9998261C0DFF00C48974 /* Resources */,
			);
			buildRules = (
			);
			dependencies = (
				FEBA999C261C0DFF00C48974 /* PBXTargetDependency */,
			);
			name = FlixsterTests;
			productName = FlixsterTests;
			productReference = FEBA999A261C0DFF00C48974 /* FlixsterTests.xctest */;
			productType = "com.apple.product-type.bundle.unit-test";
		};
		FEBA99A4261C0DFF00C48974 /* FlixsterUITests */ = {
			isa = PBXNativeTarget;
			buildConfigurationList = FEBA99B4261C0DFF00C48974 /* Build configuration list for PBXNativeTarget "FlixsterUITests" */;
			buildPhases = (
				C58A68FFE054A68B9F787AA3 /* [CP] Check Pods Manifest.lock */,
				FEBA99A1261C0DFF00C48974 /* Sources */,
				FEBA99A2261C0DFF00C48974 /* Frameworks */,
				FEBA99A3261C0DFF00C48974 /* Resources */,
				8CA14B8EBDDF5D9730B0412F /* [CP] Embed Pods Frameworks */,
			);
			buildRules = (
			);
			dependencies = (
				FEBA99A7261C0DFF00C48974 /* PBXTargetDependency */,
			);
			name = FlixsterUITests;
			productName = FlixsterUITests;
			productReference = FEBA99A5261C0DFF00C48974 /* FlixsterUITests.xctest */;
			productType = "com.apple.product-type.bundle.ui-testing";
		};
/* End PBXNativeTarget section */

/* Begin PBXProject section */
		FEBA997C261C0DFE00C48974 /* Project object */ = {
			isa = PBXProject;
			attributes = {
				LastSwiftUpdateCheck = 1240;
				LastUpgradeCheck = 1240;
				TargetAttributes = {
					FEBA9983261C0DFE00C48974 = {
						CreatedOnToolsVersion = 12.4;
					};
					FEBA9999261C0DFF00C48974 = {
						CreatedOnToolsVersion = 12.4;
						TestTargetID = FEBA9983261C0DFE00C48974;
					};
					FEBA99A4261C0DFF00C48974 = {
						CreatedOnToolsVersion = 12.4;
						TestTargetID = FEBA9983261C0DFE00C48974;
					};
				};
			};
			buildConfigurationList = FEBA997F261C0DFE00C48974 /* Build configuration list for PBXProject "Flixster" */;
			compatibilityVersion = "Xcode 9.3";
			developmentRegion = en;
			hasScannedForEncodings = 0;
			knownRegions = (
				en,
				Base,
			);
			mainGroup = FEBA997B261C0DFE00C48974;
			productRefGroup = FEBA9985261C0DFE00C48974 /* Products */;
			projectDirPath = "";
			projectRoot = "";
			targets = (
				FEBA9983261C0DFE00C48974 /* Flixster */,
				FEBA9999261C0DFF00C48974 /* FlixsterTests */,
				FEBA99A4261C0DFF00C48974 /* FlixsterUITests */,
			);
		};
/* End PBXProject section */

/* Begin PBXResourcesBuildPhase section */
		FEBA9982261C0DFE00C48974 /* Resources */ = {
			isa = PBXResourcesBuildPhase;
			buildActionMask = 2147483647;
			files = (
				FEBA9994261C0DFF00C48974 /* LaunchScreen.storyboard in Resources */,
				FEBA9991261C0DFE00C48974 /* Assets.xcassets in Resources */,
				FEBA998F261C0DFE00C48974 /* Main.storyboard in Resources */,
			);
			runOnlyForDeploymentPostprocessing = 0;
		};
		FEBA9998261C0DFF00C48974 /* Resources */ = {
			isa = PBXResourcesBuildPhase;
			buildActionMask = 2147483647;
			files = (
			);
			runOnlyForDeploymentPostprocessing = 0;
		};
		FEBA99A3261C0DFF00C48974 /* Resources */ = {
			isa = PBXResourcesBuildPhase;
			buildActionMask = 2147483647;
			files = (
			);
			runOnlyForDeploymentPostprocessing = 0;
		};
/* End PBXResourcesBuildPhase section */

/* Begin PBXShellScriptBuildPhase section */
		398BABDFC807602499819E94 /* [CP] Check Pods Manifest.lock */ = {
			isa = PBXShellScriptBuildPhase;
			buildActionMask = 2147483647;
			files = (
			);
			inputFileListPaths = (
			);
			inputPaths = (
				"${PODS_PODFILE_DIR_PATH}/Podfile.lock",
				"${PODS_ROOT}/Manifest.lock",
			);
			name = "[CP] Check Pods Manifest.lock";
			outputFileListPaths = (
			);
			outputPaths = (
				"$(DERIVED_FILE_DIR)/Pods-Flixster-checkManifestLockResult.txt",
			);
			runOnlyForDeploymentPostprocessing = 0;
			shellPath = /bin/sh;
			shellScript = "diff \"${PODS_PODFILE_DIR_PATH}/Podfile.lock\" \"${PODS_ROOT}/Manifest.lock\" > /dev/null\nif [ $? != 0 ] ; then\n    # print error to STDERR\n    echo \"error: The sandbox is not in sync with the Podfile.lock. Run 'pod install' or update your CocoaPods installation.\" >&2\n    exit 1\nfi\n# This output is used by Xcode 'outputs' to avoid re-running this script phase.\necho \"SUCCESS\" > \"${SCRIPT_OUTPUT_FILE_0}\"\n";
			showEnvVarsInLog = 0;
		};
		8A908A24A474DE9DFC16220F /* [CP] Embed Pods Frameworks */ = {
			isa = PBXShellScriptBuildPhase;
			buildActionMask = 2147483647;
			files = (
			);
			inputFileListPaths = (
				"${PODS_ROOT}/Target Support Files/Pods-Flixster/Pods-Flixster-frameworks-${CONFIGURATION}-input-files.xcfilelist",
			);
			name = "[CP] Embed Pods Frameworks";
			outputFileListPaths = (
				"${PODS_ROOT}/Target Support Files/Pods-Flixster/Pods-Flixster-frameworks-${CONFIGURATION}-output-files.xcfilelist",
			);
			runOnlyForDeploymentPostprocessing = 0;
			shellPath = /bin/sh;
			shellScript = "\"${PODS_ROOT}/Target Support Files/Pods-Flixster/Pods-Flixster-frameworks.sh\"\n";
			showEnvVarsInLog = 0;
		};
		8CA14B8EBDDF5D9730B0412F /* [CP] Embed Pods Frameworks */ = {
			isa = PBXShellScriptBuildPhase;
			buildActionMask = 2147483647;
			files = (
			);
			inputFileListPaths = (
				"${PODS_ROOT}/Target Support Files/Pods-Flixster-FlixsterUITests/Pods-Flixster-FlixsterUITests-frameworks-${CONFIGURATION}-input-files.xcfilelist",
			);
			name = "[CP] Embed Pods Frameworks";
			outputFileListPaths = (
				"${PODS_ROOT}/Target Support Files/Pods-Flixster-FlixsterUITests/Pods-Flixster-FlixsterUITests-frameworks-${CONFIGURATION}-output-files.xcfilelist",
			);
			runOnlyForDeploymentPostprocessing = 0;
			shellPath = /bin/sh;
			shellScript = "\"${PODS_ROOT}/Target Support Files/Pods-Flixster-FlixsterUITests/Pods-Flixster-FlixsterUITests-frameworks.sh\"\n";
			showEnvVarsInLog = 0;
		};
		B3056EEB4A917A11D5B72D68 /* [CP] Check Pods Manifest.lock */ = {
			isa = PBXShellScriptBuildPhase;
			buildActionMask = 2147483647;
			files = (
			);
			inputFileListPaths = (
			);
			inputPaths = (
				"${PODS_PODFILE_DIR_PATH}/Podfile.lock",
				"${PODS_ROOT}/Manifest.lock",
			);
			name = "[CP] Check Pods Manifest.lock";
			outputFileListPaths = (
			);
			outputPaths = (
				"$(DERIVED_FILE_DIR)/Pods-FlixsterTests-checkManifestLockResult.txt",
			);
			runOnlyForDeploymentPostprocessing = 0;
			shellPath = /bin/sh;
			shellScript = "diff \"${PODS_PODFILE_DIR_PATH}/Podfile.lock\" \"${PODS_ROOT}/Manifest.lock\" > /dev/null\nif [ $? != 0 ] ; then\n    # print error to STDERR\n    echo \"error: The sandbox is not in sync with the Podfile.lock. Run 'pod install' or update your CocoaPods installation.\" >&2\n    exit 1\nfi\n# This output is used by Xcode 'outputs' to avoid re-running this script phase.\necho \"SUCCESS\" > \"${SCRIPT_OUTPUT_FILE_0}\"\n";
			showEnvVarsInLog = 0;
		};
		C58A68FFE054A68B9F787AA3 /* [CP] Check Pods Manifest.lock */ = {
			isa = PBXShellScriptBuildPhase;
			buildActionMask = 2147483647;
			files = (
			);
			inputFileListPaths = (
			);
			inputPaths = (
				"${PODS_PODFILE_DIR_PATH}/Podfile.lock",
				"${PODS_ROOT}/Manifest.lock",
			);
			name = "[CP] Check Pods Manifest.lock";
			outputFileListPaths = (
			);
			outputPaths = (
				"$(DERIVED_FILE_DIR)/Pods-Flixster-FlixsterUITests-checkManifestLockResult.txt",
			);
			runOnlyForDeploymentPostprocessing = 0;
			shellPath = /bin/sh;
			shellScript = "diff \"${PODS_PODFILE_DIR_PATH}/Podfile.lock\" \"${PODS_ROOT}/Manifest.lock\" > /dev/null\nif [ $? != 0 ] ; then\n    # print error to STDERR\n    echo \"error: The sandbox is not in sync with the Podfile.lock. Run 'pod install' or update your CocoaPods installation.\" >&2\n    exit 1\nfi\n# This output is used by Xcode 'outputs' to avoid re-running this script phase.\necho \"SUCCESS\" > \"${SCRIPT_OUTPUT_FILE_0}\"\n";
			showEnvVarsInLog = 0;
		};
/* End PBXShellScriptBuildPhase section */

/* Begin PBXSourcesBuildPhase section */
		FEBA9980261C0DFE00C48974 /* Sources */ = {
			isa = PBXSourcesBuildPhase;
			buildActionMask = 2147483647;
			files = (
				FED3B99B2625032A00EAE5B7 /* MovieDetailsViewController.swift in Sources */,
				FEBA9988261C0DFE00C48974 /* AppDelegate.swift in Sources */,
				FEBA998A261C0DFE00C48974 /* SceneDelegate.swift in Sources */,
				FEBA99C3261C21B500C48974 /* MovieCell.swift in Sources */,
				FEBA99BE261C10EB00C48974 /* MoviesViewController.swift in Sources */,
				FED3B9A02625149300EAE5B7 /* MovieGridViewController.swift in Sources */,
				FED3B9A526251A5000EAE5B7 /* MovieGridCell.swift in Sources */,
			);
			runOnlyForDeploymentPostprocessing = 0;
		};
		FEBA9996261C0DFF00C48974 /* Sources */ = {
			isa = PBXSourcesBuildPhase;
			buildActionMask = 2147483647;
			files = (
				FEBA999F261C0DFF00C48974 /* FlixsterTests.swift in Sources */,
			);
			runOnlyForDeploymentPostprocessing = 0;
		};
		FEBA99A1261C0DFF00C48974 /* Sources */ = {
			isa = PBXSourcesBuildPhase;
			buildActionMask = 2147483647;
			files = (
				FEBA99AA261C0DFF00C48974 /* FlixsterUITests.swift in Sources */,
			);
			runOnlyForDeploymentPostprocessing = 0;
		};
/* End PBXSourcesBuildPhase section */

/* Begin PBXTargetDependency section */
		FEBA999C261C0DFF00C48974 /* PBXTargetDependency */ = {
			isa = PBXTargetDependency;
			target = FEBA9983261C0DFE00C48974 /* Flixster */;
			targetProxy = FEBA999B261C0DFF00C48974 /* PBXContainerItemProxy */;
		};
		FEBA99A7261C0DFF00C48974 /* PBXTargetDependency */ = {
			isa = PBXTargetDependency;
			target = FEBA9983261C0DFE00C48974 /* Flixster */;
			targetProxy = FEBA99A6261C0DFF00C48974 /* PBXContainerItemProxy */;
		};
/* End PBXTargetDependency section */

/* Begin PBXVariantGroup section */
		FEBA998D261C0DFE00C48974 /* Main.storyboard */ = {
			isa = PBXVariantGroup;
			children = (
				FEBA998E261C0DFE00C48974 /* Base */,
			);
			name = Main.storyboard;
			sourceTree = "<group>";
		};
		FEBA9992261C0DFF00C48974 /* LaunchScreen.storyboard */ = {
			isa = PBXVariantGroup;
			children = (
				FEBA9993261C0DFF00C48974 /* Base */,
			);
			name = LaunchScreen.storyboard;
			sourceTree = "<group>";
		};
/* End PBXVariantGroup section */

/* Begin XCBuildConfiguration section */
		FEBA99AC261C0DFF00C48974 /* Debug */ = {
			isa = XCBuildConfiguration;
			buildSettings = {
				ALWAYS_SEARCH_USER_PATHS = NO;
				CLANG_ANALYZER_NONNULL = YES;
				CLANG_ANALYZER_NUMBER_OBJECT_CONVERSION = YES_AGGRESSIVE;
				CLANG_CXX_LANGUAGE_STANDARD = "gnu++14";
				CLANG_CXX_LIBRARY = "libc++";
				CLANG_ENABLE_MODULES = YES;
				CLANG_ENABLE_OBJC_ARC = YES;
				CLANG_ENABLE_OBJC_WEAK = YES;
				CLANG_WARN_BLOCK_CAPTURE_AUTORELEASING = YES;
				CLANG_WARN_BOOL_CONVERSION = YES;
				CLANG_WARN_COMMA = YES;
				CLANG_WARN_CONSTANT_CONVERSION = YES;
				CLANG_WARN_DEPRECATED_OBJC_IMPLEMENTATIONS = YES;
				CLANG_WARN_DIRECT_OBJC_ISA_USAGE = YES_ERROR;
				CLANG_WARN_DOCUMENTATION_COMMENTS = YES;
				CLANG_WARN_EMPTY_BODY = YES;
				CLANG_WARN_ENUM_CONVERSION = YES;
				CLANG_WARN_INFINITE_RECURSION = YES;
				CLANG_WARN_INT_CONVERSION = YES;
				CLANG_WARN_NON_LITERAL_NULL_CONVERSION = YES;
				CLANG_WARN_OBJC_IMPLICIT_RETAIN_SELF = YES;
				CLANG_WARN_OBJC_LITERAL_CONVERSION = YES;
				CLANG_WARN_OBJC_ROOT_CLASS = YES_ERROR;
				CLANG_WARN_QUOTED_INCLUDE_IN_FRAMEWORK_HEADER = YES;
				CLANG_WARN_RANGE_LOOP_ANALYSIS = YES;
				CLANG_WARN_STRICT_PROTOTYPES = YES;
				CLANG_WARN_SUSPICIOUS_MOVE = YES;
				CLANG_WARN_UNGUARDED_AVAILABILITY = YES_AGGRESSIVE;
				CLANG_WARN_UNREACHABLE_CODE = YES;
				CLANG_WARN__DUPLICATE_METHOD_MATCH = YES;
				COPY_PHASE_STRIP = NO;
				DEBUG_INFORMATION_FORMAT = dwarf;
				ENABLE_STRICT_OBJC_MSGSEND = YES;
				ENABLE_TESTABILITY = YES;
				GCC_C_LANGUAGE_STANDARD = gnu11;
				GCC_DYNAMIC_NO_PIC = NO;
				GCC_NO_COMMON_BLOCKS = YES;
				GCC_OPTIMIZATION_LEVEL = 0;
				GCC_PREPROCESSOR_DEFINITIONS = (
					"DEBUG=1",
					"$(inherited)",
				);
				GCC_WARN_64_TO_32_BIT_CONVERSION = YES;
				GCC_WARN_ABOUT_RETURN_TYPE = YES_ERROR;
				GCC_WARN_UNDECLARED_SELECTOR = YES;
				GCC_WARN_UNINITIALIZED_AUTOS = YES_AGGRESSIVE;
				GCC_WARN_UNUSED_FUNCTION = YES;
				GCC_WARN_UNUSED_VARIABLE = YES;
				IPHONEOS_DEPLOYMENT_TARGET = 14.4;
				MTL_ENABLE_DEBUG_INFO = INCLUDE_SOURCE;
				MTL_FAST_MATH = YES;
				ONLY_ACTIVE_ARCH = YES;
				SDKROOT = iphoneos;
				SWIFT_ACTIVE_COMPILATION_CONDITIONS = DEBUG;
				SWIFT_OPTIMIZATION_LEVEL = "-Onone";
			};
			name = Debug;
		};
		FEBA99AD261C0DFF00C48974 /* Release */ = {
			isa = XCBuildConfiguration;
			buildSettings = {
				ALWAYS_SEARCH_USER_PATHS = NO;
				CLANG_ANALYZER_NONNULL = YES;
				CLANG_ANALYZER_NUMBER_OBJECT_CONVERSION = YES_AGGRESSIVE;
				CLANG_CXX_LANGUAGE_STANDARD = "gnu++14";
				CLANG_CXX_LIBRARY = "libc++";
				CLANG_ENABLE_MODULES = YES;
				CLANG_ENABLE_OBJC_ARC = YES;
				CLANG_ENABLE_OBJC_WEAK = YES;
				CLANG_WARN_BLOCK_CAPTURE_AUTORELEASING = YES;
				CLANG_WARN_BOOL_CONVERSION = YES;
				CLANG_WARN_COMMA = YES;
				CLANG_WARN_CONSTANT_CONVERSION = YES;
				CLANG_WARN_DEPRECATED_OBJC_IMPLEMENTATIONS = YES;
				CLANG_WARN_DIRECT_OBJC_ISA_USAGE = YES_ERROR;
				CLANG_WARN_DOCUMENTATION_COMMENTS = YES;
				CLANG_WARN_EMPTY_BODY = YES;
				CLANG_WARN_ENUM_CONVERSION = YES;
				CLANG_WARN_INFINITE_RECURSION = YES;
				CLANG_WARN_INT_CONVERSION = YES;
				CLANG_WARN_NON_LITERAL_NULL_CONVERSION = YES;
				CLANG_WARN_OBJC_IMPLICIT_RETAIN_SELF = YES;
				CLANG_WARN_OBJC_LITERAL_CONVERSION = YES;
				CLANG_WARN_OBJC_ROOT_CLASS = YES_ERROR;
				CLANG_WARN_QUOTED_INCLUDE_IN_FRAMEWORK_HEADER = YES;
				CLANG_WARN_RANGE_LOOP_ANALYSIS = YES;
				CLANG_WARN_STRICT_PROTOTYPES = YES;
				CLANG_WARN_SUSPICIOUS_MOVE = YES;
				CLANG_WARN_UNGUARDED_AVAILABILITY = YES_AGGRESSIVE;
				CLANG_WARN_UNREACHABLE_CODE = YES;
				CLANG_WARN__DUPLICATE_METHOD_MATCH = YES;
				COPY_PHASE_STRIP = NO;
				DEBUG_INFORMATION_FORMAT = "dwarf-with-dsym";
				ENABLE_NS_ASSERTIONS = NO;
				ENABLE_STRICT_OBJC_MSGSEND = YES;
				GCC_C_LANGUAGE_STANDARD = gnu11;
				GCC_NO_COMMON_BLOCKS = YES;
				GCC_WARN_64_TO_32_BIT_CONVERSION = YES;
				GCC_WARN_ABOUT_RETURN_TYPE = YES_ERROR;
				GCC_WARN_UNDECLARED_SELECTOR = YES;
				GCC_WARN_UNINITIALIZED_AUTOS = YES_AGGRESSIVE;
				GCC_WARN_UNUSED_FUNCTION = YES;
				GCC_WARN_UNUSED_VARIABLE = YES;
				IPHONEOS_DEPLOYMENT_TARGET = 14.4;
				MTL_ENABLE_DEBUG_INFO = NO;
				MTL_FAST_MATH = YES;
				SDKROOT = iphoneos;
				SWIFT_COMPILATION_MODE = wholemodule;
				SWIFT_OPTIMIZATION_LEVEL = "-O";
				VALIDATE_PRODUCT = YES;
			};
			name = Release;
		};
		FEBA99AF261C0DFF00C48974 /* Debug */ = {
			isa = XCBuildConfiguration;
			baseConfigurationReference = C14EAAD687B03DF6ED7D3346 /* Pods-Flixster.debug.xcconfig */;
			buildSettings = {
				ASSETCATALOG_COMPILER_APPICON_NAME = AppIcon;
				ASSETCATALOG_COMPILER_GLOBAL_ACCENT_COLOR_NAME = AccentColor;
				CODE_SIGN_STYLE = Automatic;
				INFOPLIST_FILE = Flixster/Info.plist;
				LD_RUNPATH_SEARCH_PATHS = (
					"$(inherited)",
					"@executable_path/Frameworks",
				);
				PRODUCT_BUNDLE_IDENTIFIER = memo.com.Flixster;
				PRODUCT_NAME = "$(TARGET_NAME)";
				SWIFT_VERSION = 5.0;
				TARGETED_DEVICE_FAMILY = "1,2";
			};
			name = Debug;
		};
		FEBA99B0261C0DFF00C48974 /* Release */ = {
			isa = XCBuildConfiguration;
			baseConfigurationReference = B2A93FBB01C48AB08AE06903 /* Pods-Flixster.release.xcconfig */;
			buildSettings = {
				ASSETCATALOG_COMPILER_APPICON_NAME = AppIcon;
				ASSETCATALOG_COMPILER_GLOBAL_ACCENT_COLOR_NAME = AccentColor;
				CODE_SIGN_STYLE = Automatic;
				INFOPLIST_FILE = Flixster/Info.plist;
				LD_RUNPATH_SEARCH_PATHS = (
					"$(inherited)",
					"@executable_path/Frameworks",
				);
				PRODUCT_BUNDLE_IDENTIFIER = memo.com.Flixster;
				PRODUCT_NAME = "$(TARGET_NAME)";
				SWIFT_VERSION = 5.0;
				TARGETED_DEVICE_FAMILY = "1,2";
			};
			name = Release;
		};
		FEBA99B2261C0DFF00C48974 /* Debug */ = {
			isa = XCBuildConfiguration;
			baseConfigurationReference = 3B4470BA0AE5823451156F53 /* Pods-FlixsterTests.debug.xcconfig */;
			buildSettings = {
				ALWAYS_EMBED_SWIFT_STANDARD_LIBRARIES = YES;
				BUNDLE_LOADER = "$(TEST_HOST)";
				CODE_SIGN_STYLE = Automatic;
				INFOPLIST_FILE = FlixsterTests/Info.plist;
				IPHONEOS_DEPLOYMENT_TARGET = 14.4;
				LD_RUNPATH_SEARCH_PATHS = (
					"$(inherited)",
					"@executable_path/Frameworks",
					"@loader_path/Frameworks",
				);
				PRODUCT_BUNDLE_IDENTIFIER = memo.com.FlixsterTests;
				PRODUCT_NAME = "$(TARGET_NAME)";
				SWIFT_VERSION = 5.0;
				TARGETED_DEVICE_FAMILY = "1,2";
				TEST_HOST = "$(BUILT_PRODUCTS_DIR)/Flixster.app/Flixster";
			};
			name = Debug;
		};
		FEBA99B3261C0DFF00C48974 /* Release */ = {
			isa = XCBuildConfiguration;
			baseConfigurationReference = 3DECF0C46A913B200E626C00 /* Pods-FlixsterTests.release.xcconfig */;
			buildSettings = {
				ALWAYS_EMBED_SWIFT_STANDARD_LIBRARIES = YES;
				BUNDLE_LOADER = "$(TEST_HOST)";
				CODE_SIGN_STYLE = Automatic;
				INFOPLIST_FILE = FlixsterTests/Info.plist;
				IPHONEOS_DEPLOYMENT_TARGET = 14.4;
				LD_RUNPATH_SEARCH_PATHS = (
					"$(inherited)",
					"@executable_path/Frameworks",
					"@loader_path/Frameworks",
				);
				PRODUCT_BUNDLE_IDENTIFIER = memo.com.FlixsterTests;
				PRODUCT_NAME = "$(TARGET_NAME)";
				SWIFT_VERSION = 5.0;
				TARGETED_DEVICE_FAMILY = "1,2";
				TEST_HOST = "$(BUILT_PRODUCTS_DIR)/Flixster.app/Flixster";
			};
			name = Release;
		};
		FEBA99B5261C0DFF00C48974 /* Debug */ = {
			isa = XCBuildConfiguration;
			baseConfigurationReference = 848E34EA68CDDE8F0C51468C /* Pods-Flixster-FlixsterUITests.debug.xcconfig */;
			buildSettings = {
				ALWAYS_EMBED_SWIFT_STANDARD_LIBRARIES = YES;
				CODE_SIGN_STYLE = Automatic;
				INFOPLIST_FILE = FlixsterUITests/Info.plist;
				LD_RUNPATH_SEARCH_PATHS = (
					"$(inherited)",
					"@executable_path/Frameworks",
					"@loader_path/Frameworks",
				);
				PRODUCT_BUNDLE_IDENTIFIER = memo.com.FlixsterUITests;
				PRODUCT_NAME = "$(TARGET_NAME)";
				SWIFT_VERSION = 5.0;
				TARGETED_DEVICE_FAMILY = "1,2";
				TEST_TARGET_NAME = Flixster;
			};
			name = Debug;
		};
		FEBA99B6261C0DFF00C48974 /* Release */ = {
			isa = XCBuildConfiguration;
			baseConfigurationReference = B5B048F1D1A7FED520B9EFD5 /* Pods-Flixster-FlixsterUITests.release.xcconfig */;
			buildSettings = {
				ALWAYS_EMBED_SWIFT_STANDARD_LIBRARIES = YES;
				CODE_SIGN_STYLE = Automatic;
				INFOPLIST_FILE = FlixsterUITests/Info.plist;
				LD_RUNPATH_SEARCH_PATHS = (
					"$(inherited)",
					"@executable_path/Frameworks",
					"@loader_path/Frameworks",
				);
				PRODUCT_BUNDLE_IDENTIFIER = memo.com.FlixsterUITests;
				PRODUCT_NAME = "$(TARGET_NAME)";
				SWIFT_VERSION = 5.0;
				TARGETED_DEVICE_FAMILY = "1,2";
				TEST_TARGET_NAME = Flixster;
			};
			name = Release;
		};
/* End XCBuildConfiguration section */

/* Begin XCConfigurationList section */
		FEBA997F261C0DFE00C48974 /* Build configuration list for PBXProject "Flixster" */ = {
			isa = XCConfigurationList;
			buildConfigurations = (
				FEBA99AC261C0DFF00C48974 /* Debug */,
				FEBA99AD261C0DFF00C48974 /* Release */,
			);
			defaultConfigurationIsVisible = 0;
			defaultConfigurationName = Release;
		};
		FEBA99AE261C0DFF00C48974 /* Build configuration list for PBXNativeTarget "Flixster" */ = {
			isa = XCConfigurationList;
			buildConfigurations = (
				FEBA99AF261C0DFF00C48974 /* Debug */,
				FEBA99B0261C0DFF00C48974 /* Release */,
			);
			defaultConfigurationIsVisible = 0;
			defaultConfigurationName = Release;
		};
		FEBA99B1261C0DFF00C48974 /* Build configuration list for PBXNativeTarget "FlixsterTests" */ = {
			isa = XCConfigurationList;
			buildConfigurations = (
				FEBA99B2261C0DFF00C48974 /* Debug */,
				FEBA99B3261C0DFF00C48974 /* Release */,
			);
			defaultConfigurationIsVisible = 0;
			defaultConfigurationName = Release;
		};
		FEBA99B4261C0DFF00C48974 /* Build configuration list for PBXNativeTarget "FlixsterUITests" */ = {
			isa = XCConfigurationList;
			buildConfigurations = (
				FEBA99B5261C0DFF00C48974 /* Debug */,
				FEBA99B6261C0DFF00C48974 /* Release */,
			);
			defaultConfigurationIsVisible = 0;
			defaultConfigurationName = Release;
		};
/* End XCConfigurationList section */
	};
	rootObject = FEBA997C261C0DFE00C48974 /* Project object */;
}
